
Microsoft Visual Studio Solution File, Format Version 12.00
# Visual Studio Version 16
VisualStudioVersion = 16.0.30804.86
MinimumVisualStudioVersion = 10.0.40219.1
Project("{FAE04EC0-301F-11D3-BF4B-00C04F79EFBC}") = "GuessingNumberGame", "GuessingNumberGame.csproj", "{7F62BE9F-647E-4ACE-9D41-305D223F0065}"
EndProject
Global
	GlobalSection(SolutionConfigurationPlatforms) = preSolution
		Debug|Any CPU = Debug|Any CPU
		Release|Any CPU = Release|Any CPU
	EndGlobalSection
	GlobalSection(ProjectConfigurationPlatforms) = postSolution
		{7F62BE9F-647E-4ACE-9D41-305D223F0065}.Debug|Any CPU.ActiveCfg = Debug|Any CPU
		{7F62BE9F-647E-4ACE-9D41-305D223F0065}.Debug|Any CPU.Build.0 = Debug|Any CPU
		{7F62BE9F-647E-4ACE-9D41-305D223F0065}.Release|Any CPU.ActiveCfg = Release|Any CPU
		{7F62BE9F-647E-4ACE-9D41-305D223F0065}.Release|Any CPU.Build.0 = Release|Any CPU
	EndGlobalSection
	GlobalSection(SolutionProperties) = preSolution
		HideSolutionNode = FALSE
	EndGlobalSection
	GlobalSection(ExtensibilityGlobals) = postSolution
		SolutionGuid = {690E46B5-A17F-4E49-9F2C-A11644E30BFF}
	EndGlobalSection
EndGlobal
